
Microsoft Visual Studio Solution File, Format Version 12.00
# Visual Studio 2012
Project("{FAE04EC0-301F-11D3-BF4B-00C04F79EFBC}") = "ASPNETMVCHelloWorld", "ASPNETMVCHelloWorld\ASPNETMVCHelloWorld.csproj", "{0D978AE3-F795-46C9-9221-E449186D4795}"
EndProject
Project("{FAE04EC0-301F-11D3-BF4B-00C04F79EFBC}") = "ASPNETMVCHelloWorld.Tests", "ASPNETMVCHelloWorld.Tests\ASPNETMVCHelloWorld.Tests.csproj", "{913F0EFE-132C-412C-88B4-66D615987245}"
EndProject
Global
	GlobalSection(SolutionConfigurationPlatforms) = preSolution
		Debug|Any CPU = Debug|Any CPU
		Release|Any CPU = Release|Any CPU
	EndGlobalSection
	GlobalSection(ProjectConfigurationPlatforms) = postSolution
		{0D978AE3-F795-46C9-9221-E449186D4795}.Debug|Any CPU.ActiveCfg = Debug|Any CPU
		{0D978AE3-F795-46C9-9221-E449186D4795}.Debug|Any CPU.Build.0 = Debug|Any CPU
		{0D978AE3-F795-46C9-9221-E449186D4795}.Release|Any CPU.ActiveCfg = Release|Any CPU
		{0D978AE3-F795-46C9-9221-E449186D4795}.Release|Any CPU.Build.0 = Release|Any CPU
		{913F0EFE-132C-412C-88B4-66D615987245}.Debug|Any CPU.ActiveCfg = Debug|Any CPU
		{913F0EFE-132C-412C-88B4-66D615987245}.Debug|Any CPU.Build.0 = Debug|Any CPU
		{913F0EFE-132C-412C-88B4-66D615987245}.Release|Any CPU.ActiveCfg = Release|Any CPU
		{913F0EFE-132C-412C-88B4-66D615987245}.Release|Any CPU.Build.0 = Release|Any CPU
	EndGlobalSection
EndGlobal
